
Microsoft Visual Studio Solution File, Format Version 12.00
# Visual Studio 15
VisualStudioVersion = 15.0.28307.1913
MinimumVisualStudioVersion = 10.0.40219.1
Project("{8BC9CEB8-8B4A-11D0-8D11-00A0C91BC942}") = "OpenGLProject", "OpenGLProject\OpenGLProject.vcxproj", "{5F68199D-48E3-4CF1-BCC7-2C871A539AFA}"
EndProject
Global
	GlobalSection(SolutionConfigurationPlatforms) = preSolution
		Debug|x64 = Debug|x64
		Debug|x86 = Debug|x86
		Release|x64 = Release|x64
		Release|x86 = Release|x86
	EndGlobalSection
	GlobalSection(ProjectConfigurationPlatforms) = postSolution
		{5F68199D-48E3-4CF1-BCC7-2C871A539AFA}.Debug|x64.ActiveCfg = Debug|x64
		{5F68199D-48E3-4CF1-BCC7-2C871A539AFA}.Debug|x64.Build.0 = Debug|x64
		{5F68199D-48E3-4CF1-BCC7-2C871A539AFA}.Debug|x86.ActiveCfg = Debug|Win32
		{5F68199D-48E3-4CF1-BCC7-2C871A539AFA}.Debug|x86.Build.0 = Debug|Win32
		{5F68199D-48E3-4CF1-BCC7-2C871A539AFA}.Release|x64.ActiveCfg = Release|x64
		{5F68199D-48E3-4CF1-BCC7-2C871A539AFA}.Release|x64.Build.0 = Release|x64
		{5F68199D-48E3-4CF1-BCC7-2C871A539AFA}.Release|x86.ActiveCfg = Release|Win32
		{5F68199D-48E3-4CF1-BCC7-2C871A539AFA}.Release|x86.Build.0 = Release|Win32
	EndGlobalSection
	GlobalSection(SolutionProperties) = preSolution
		HideSolutionNode = FALSE
	EndGlobalSection
	GlobalSection(ExtensibilityGlobals) = postSolution
		SolutionGuid = {F218F49A-AB81-40B2-86D1-34C46BBC7BBC}
	EndGlobalSection
EndGlobal
